
Microsoft Visual Studio Solution File, Format Version 12.00
# Visual Studio 15
VisualStudioVersion = 15.0.27703.2026
MinimumVisualStudioVersion = 10.0.40219.1
Project("{FAE04EC0-301F-11D3-BF4B-00C04F79EFBC}") = "LINQ_Manhattan", "LINQ_Manhattan\LINQ_Manhattan.csproj", "{756BD229-B65B-4E55-8707-FF49FD59D637}"
EndProject
Global
	GlobalSection(SolutionConfigurationPlatforms) = preSolution
		Debug|Any CPU = Debug|Any CPU
		Release|Any CPU = Release|Any CPU
	EndGlobalSection
	GlobalSection(ProjectConfigurationPlatforms) = postSolution
		{756BD229-B65B-4E55-8707-FF49FD59D637}.Debug|Any CPU.ActiveCfg = Debug|Any CPU
		{756BD229-B65B-4E55-8707-FF49FD59D637}.Debug|Any CPU.Build.0 = Debug|Any CPU
		{756BD229-B65B-4E55-8707-FF49FD59D637}.Release|Any CPU.ActiveCfg = Release|Any CPU
		{756BD229-B65B-4E55-8707-FF49FD59D637}.Release|Any CPU.Build.0 = Release|Any CPU
	EndGlobalSection
	GlobalSection(SolutionProperties) = preSolution
		HideSolutionNode = FALSE
	EndGlobalSection
	GlobalSection(ExtensibilityGlobals) = postSolution
		SolutionGuid = {D84ACDBA-3935-44B2-9F3D-C48213FF946D}
	EndGlobalSection
EndGlobal
