
Microsoft Visual Studio Solution File, Format Version 12.00
# Visual Studio 15
VisualStudioVersion = 15.0.27703.2026
MinimumVisualStudioVersion = 10.0.40219.1
Project("{FAE04EC0-301F-11D3-BF4B-00C04F79EFBC}") = "LINQ_in_Manhatten", "LINQ_in_Manhatten\LINQ_in_Manhatten.csproj", "{E1302071-6D86-447B-850B-7261A4245A08}"
EndProject
Global
	GlobalSection(SolutionConfigurationPlatforms) = preSolution
		Debug|Any CPU = Debug|Any CPU
		Release|Any CPU = Release|Any CPU
	EndGlobalSection
	GlobalSection(ProjectConfigurationPlatforms) = postSolution
		{E1302071-6D86-447B-850B-7261A4245A08}.Debug|Any CPU.ActiveCfg = Debug|Any CPU
		{E1302071-6D86-447B-850B-7261A4245A08}.Debug|Any CPU.Build.0 = Debug|Any CPU
		{E1302071-6D86-447B-850B-7261A4245A08}.Release|Any CPU.ActiveCfg = Release|Any CPU
		{E1302071-6D86-447B-850B-7261A4245A08}.Release|Any CPU.Build.0 = Release|Any CPU
	EndGlobalSection
	GlobalSection(SolutionProperties) = preSolution
		HideSolutionNode = FALSE
	EndGlobalSection
	GlobalSection(ExtensibilityGlobals) = postSolution
		SolutionGuid = {D09E4618-02C6-474A-A393-340F771E8468}
	EndGlobalSection
EndGlobal
